
Microsoft Visual Studio Solution File, Format Version 12.00
# Visual Studio 14
VisualStudioVersion = 14.0.25420.1
MinimumVisualStudioVersion = 10.0.40219.1
Project("{FAE04EC0-301F-11D3-BF4B-00C04F79EFBC}") = "simple manager", "simple manager\simple manager.csproj", "{BB1A26C3-A06C-4D34-A399-A20477E2331F}"
EndProject
Global
	GlobalSection(SolutionConfigurationPlatforms) = preSolution
		Debug|Any CPU = Debug|Any CPU
		Release|Any CPU = Release|Any CPU
	EndGlobalSection
	GlobalSection(ProjectConfigurationPlatforms) = postSolution
		{BB1A26C3-A06C-4D34-A399-A20477E2331F}.Debug|Any CPU.ActiveCfg = Debug|Any CPU
		{BB1A26C3-A06C-4D34-A399-A20477E2331F}.Debug|Any CPU.Build.0 = Debug|Any CPU
		{BB1A26C3-A06C-4D34-A399-A20477E2331F}.Release|Any CPU.ActiveCfg = Release|Any CPU
		{BB1A26C3-A06C-4D34-A399-A20477E2331F}.Release|Any CPU.Build.0 = Release|Any CPU
	EndGlobalSection
	GlobalSection(SolutionProperties) = preSolution
		HideSolutionNode = FALSE
	EndGlobalSection
EndGlobal
